
Microsoft Visual Studio Solution File, Format Version 12.00
# Visual Studio Version 17
VisualStudioVersion = 17.14.36429.23
MinimumVisualStudioVersion = 10.0.40219.1
Project("{2150E333-8FDC-42A3-9474-1A3956D46DE8}") = "Task0", "Task0", "{02EA681E-C7D8-13C7-8484-4AC65E1B71E8}"
EndProject
Project("{FAE04EC0-301F-11D3-BF4B-00C04F79EFBC}") = "Tyuiu.KochetovKO.Sprint2.Task0.V24", "Tyuiu.KochetovKO.Sprint2.Task0.V24\Tyuiu.KochetovKO.Sprint2.Task0.V24.csproj", "{5AA9E94C-C03F-4C85-9403-34B406674AAC}"
EndProject
Project("{FAE04EC0-301F-11D3-BF4B-00C04F79EFBC}") = "Tyuiu.KochetovKO.Sprint2.Task0.V24.Lib", "Tyuiu.KochetovKO.Sprint2.Task0.V24.Lib\Tyuiu.KochetovKO.Sprint2.Task0.V24.Lib.csproj", "{36D7FA99-295B-4529-9CA6-B97E84E2A85B}"
EndProject
Project("{FAE04EC0-301F-11D3-BF4B-00C04F79EFBC}") = "Tyuiu.KochetovKO.Sprint2.Task0.V24.Test", "Tyuiu.KochetovKO.Sprint2.Task0.V24.Test\Tyuiu.KochetovKO.Sprint2.Task0.V24.Test.csproj", "{8DE5921D-4706-4394-B81F-DEBE4D0A3C0F}"
EndProject
Project("{2150E333-8FDC-42A3-9474-1A3956D46DE8}") = "Task1", "Task1", "{4D64937B-66C0-41C1-8075-AFA0E0F81A05}"
EndProject
Project("{FAE04EC0-301F-11D3-BF4B-00C04F79EFBC}") = "Tyuiu.KochetovKO.Sprint2.Task1.V5", "Tyuiu.KochetovKO.Sprint2.Task1.V5\Tyuiu.KochetovKO.Sprint2.Task1.V5.csproj", "{B5D89A74-14CD-46E7-8DAE-6940F46F985B}"
EndProject
Project("{FAE04EC0-301F-11D3-BF4B-00C04F79EFBC}") = "Tyuiu.KochetovKO.Sprint2.Task1.V5.Lib", "Tyuiu.KochetovKO.Sprint2.Task1.V5.Lib\Tyuiu.KochetovKO.Sprint2.Task1.V5.Lib.csproj", "{C452FDF8-B125-420A-AD7F-AA870E73FF14}"
EndProject
Project("{FAE04EC0-301F-11D3-BF4B-00C04F79EFBC}") = "Tyuiu.KochetovKO.Sprint2.Task1.V5.Test", "Tyuiu.KochetovKO.Sprint2.Task1.V5.Test\Tyuiu.KochetovKO.Sprint2.Task1.V5.Test.csproj", "{190A8567-A27A-4895-A2B9-BF02BD86D8EF}"
EndProject
Project("{2150E333-8FDC-42A3-9474-1A3956D46DE8}") = "Task2", "Task2", "{77EC7BA5-8724-409D-AA23-BC3E3E0E8D0A}"
EndProject
Project("{FAE04EC0-301F-11D3-BF4B-00C04F79EFBC}") = "Tyuiu.KochetovKO.Sprint2.Task2.V13", "Tyuiu.KochetovKO.Sprint2.Task2.V13\Tyuiu.KochetovKO.Sprint2.Task2.V13.csproj", "{5C119563-A22B-406F-8691-07C0B4430116}"
EndProject
Project("{FAE04EC0-301F-11D3-BF4B-00C04F79EFBC}") = "Tyuiu.KochetovKO.Sprint2.Task2.V13.Test", "Tyuiu.KochetovKO.Sprint2.Task2.V13.Test\Tyuiu.KochetovKO.Sprint2.Task2.V13.Test.csproj", "{483B2425-2152-43FF-987A-B890B896424E}"
EndProject
Project("{FAE04EC0-301F-11D3-BF4B-00C04F79EFBC}") = "Tyuiu.KochetovKO.Sprint2.Task2.V13.Lib", "Tyuiu.KochetovKO.Sprint2.Task2.V13.Lib\Tyuiu.KochetovKO.Sprint2.Task2.V13.Lib.csproj", "{601516E3-BCED-475B-9AD4-FB6CA26537DF}"
EndProject
Project("{2150E333-8FDC-42A3-9474-1A3956D46DE8}") = "Task3", "Task3", "{B4FBD216-D89B-49C3-B26A-BF3460B817B1}"
EndProject
Project("{FAE04EC0-301F-11D3-BF4B-00C04F79EFBC}") = "Tyuiu.KochetovKO.Sprint2.Task3.V16", "Tyuiu.KochetovKO.Sprint2.Task3.V16\Tyuiu.KochetovKO.Sprint2.Task3.V16.csproj", "{490280F3-80D1-46A4-9803-4E29AF8DD41B}"
EndProject
Project("{FAE04EC0-301F-11D3-BF4B-00C04F79EFBC}") = "Tyuiu.KochetovKO.Sprint2.Task3.V16.Test", "Tyuiu.KochetovKO.Sprint2.Task3.V16.Test\Tyuiu.KochetovKO.Sprint2.Task3.V16.Test.csproj", "{1AD158D9-81DE-404C-BFD7-479C7FF3BAB5}"
EndProject
Project("{FAE04EC0-301F-11D3-BF4B-00C04F79EFBC}") = "Tyuiu.KochetovKO.Sprint2.Task3.V16.Lib", "Tyuiu.KochetovKO.Sprint2.Task3.V16.Lib\Tyuiu.KochetovKO.Sprint2.Task3.V16.Lib.csproj", "{0224ED20-75AB-4436-AA02-1FD78E43EBA7}"
EndProject
Project("{2150E333-8FDC-42A3-9474-1A3956D46DE8}") = "Task4", "Task4", "{F2EBD246-EA0E-447F-9F27-0D0A2B501A48}"
EndProject
Project("{FAE04EC0-301F-11D3-BF4B-00C04F79EFBC}") = "Tyuiu.KochetovKO.Sprint2.Task4.V14", "Tyuiu.KochetovKO.Sprint2.Task4.V14\Tyuiu.KochetovKO.Sprint2.Task4.V14.csproj", "{A7B236FF-CB0F-479E-9161-228BB43527A6}"
EndProject
Project("{FAE04EC0-301F-11D3-BF4B-00C04F79EFBC}") = "Tyuiu.KochetovKO.Sprint2.Task4.V14.Lib", "Tyuiu.KochetovKO.Sprint2.Task4.V14.Lib\Tyuiu.KochetovKO.Sprint2.Task4.V14.Lib.csproj", "{F8A78846-18AD-4E1C-BA03-1D37C99BAAE9}"
EndProject
Project("{FAE04EC0-301F-11D3-BF4B-00C04F79EFBC}") = "Tyuiu.KochetovKO.Sprint2.Task4.V14.Test", "Tyuiu.KochetovKO.Sprint2.Task4.V14.Test\Tyuiu.KochetovKO.Sprint2.Task4.V14.Test.csproj", "{31B792E6-EE2D-4FF9-80EA-1A37FA00F4A7}"
EndProject
Global
	GlobalSection(SolutionConfigurationPlatforms) = preSolution
		Debug|Any CPU = Debug|Any CPU
		Release|Any CPU = Release|Any CPU
	EndGlobalSection
	GlobalSection(ProjectConfigurationPlatforms) = postSolution
		{5AA9E94C-C03F-4C85-9403-34B406674AAC}.Debug|Any CPU.ActiveCfg = Debug|Any CPU
		{5AA9E94C-C03F-4C85-9403-34B406674AAC}.Debug|Any CPU.Build.0 = Debug|Any CPU
		{5AA9E94C-C03F-4C85-9403-34B406674AAC}.Release|Any CPU.ActiveCfg = Release|Any CPU
		{5AA9E94C-C03F-4C85-9403-34B406674AAC}.Release|Any CPU.Build.0 = Release|Any CPU
		{36D7FA99-295B-4529-9CA6-B97E84E2A85B}.Debug|Any CPU.ActiveCfg = Debug|Any CPU
		{36D7FA99-295B-4529-9CA6-B97E84E2A85B}.Debug|Any CPU.Build.0 = Debug|Any CPU
		{36D7FA99-295B-4529-9CA6-B97E84E2A85B}.Release|Any CPU.ActiveCfg = Release|Any CPU
		{36D7FA99-295B-4529-9CA6-B97E84E2A85B}.Release|Any CPU.Build.0 = Release|Any CPU
		{8DE5921D-4706-4394-B81F-DEBE4D0A3C0F}.Debug|Any CPU.ActiveCfg = Debug|Any CPU
		{8DE5921D-4706-4394-B81F-DEBE4D0A3C0F}.Debug|Any CPU.Build.0 = Debug|Any CPU
		{8DE5921D-4706-4394-B81F-DEBE4D0A3C0F}.Release|Any CPU.ActiveCfg = Release|Any CPU
		{8DE5921D-4706-4394-B81F-DEBE4D0A3C0F}.Release|Any CPU.Build.0 = Release|Any CPU
		{B5D89A74-14CD-46E7-8DAE-6940F46F985B}.Debug|Any CPU.ActiveCfg = Debug|Any CPU
		{B5D89A74-14CD-46E7-8DAE-6940F46F985B}.Debug|Any CPU.Build.0 = Debug|Any CPU
		{B5D89A74-14CD-46E7-8DAE-6940F46F985B}.Release|Any CPU.ActiveCfg = Release|Any CPU
		{B5D89A74-14CD-46E7-8DAE-6940F46F985B}.Release|Any CPU.Build.0 = Release|Any CPU
		{C452FDF8-B125-420A-AD7F-AA870E73FF14}.Debug|Any CPU.ActiveCfg = Debug|Any CPU
		{C452FDF8-B125-420A-AD7F-AA870E73FF14}.Debug|Any CPU.Build.0 = Debug|Any CPU
		{C452FDF8-B125-420A-AD7F-AA870E73FF14}.Release|Any CPU.ActiveCfg = Release|Any CPU
		{C452FDF8-B125-420A-AD7F-AA870E73FF14}.Release|Any CPU.Build.0 = Release|Any CPU
		{190A8567-A27A-4895-A2B9-BF02BD86D8EF}.Debug|Any CPU.ActiveCfg = Debug|Any CPU
		{190A8567-A27A-4895-A2B9-BF02BD86D8EF}.Debug|Any CPU.Build.0 = Debug|Any CPU
		{190A8567-A27A-4895-A2B9-BF02BD86D8EF}.Release|Any CPU.ActiveCfg = Release|Any CPU
		{190A8567-A27A-4895-A2B9-BF02BD86D8EF}.Release|Any CPU.Build.0 = Release|Any CPU
		{5C119563-A22B-406F-8691-07C0B4430116}.Debug|Any CPU.ActiveCfg = Debug|Any CPU
		{5C119563-A22B-406F-8691-07C0B4430116}.Debug|Any CPU.Build.0 = Debug|Any CPU
		{5C119563-A22B-406F-8691-07C0B4430116}.Release|Any CPU.ActiveCfg = Release|Any CPU
		{5C119563-A22B-406F-8691-07C0B4430116}.Release|Any CPU.Build.0 = Release|Any CPU
		{483B2425-2152-43FF-987A-B890B896424E}.Debug|Any CPU.ActiveCfg = Debug|Any CPU
		{483B2425-2152-43FF-987A-B890B896424E}.Debug|Any CPU.Build.0 = Debug|Any CPU
		{483B2425-2152-43FF-987A-B890B896424E}.Release|Any CPU.ActiveCfg = Release|Any CPU
		{483B2425-2152-43FF-987A-B890B896424E}.Release|Any CPU.Build.0 = Release|Any CPU
		{601516E3-BCED-475B-9AD4-FB6CA26537DF}.Debug|Any CPU.ActiveCfg = Debug|Any CPU
		{601516E3-BCED-475B-9AD4-FB6CA26537DF}.Debug|Any CPU.Build.0 = Debug|Any CPU
		{601516E3-BCED-475B-9AD4-FB6CA26537DF}.Release|Any CPU.ActiveCfg = Release|Any CPU
		{601516E3-BCED-475B-9AD4-FB6CA26537DF}.Release|Any CPU.Build.0 = Release|Any CPU
		{490280F3-80D1-46A4-9803-4E29AF8DD41B}.Debug|Any CPU.ActiveCfg = Debug|Any CPU
		{490280F3-80D1-46A4-9803-4E29AF8DD41B}.Debug|Any CPU.Build.0 = Debug|Any CPU
		{490280F3-80D1-46A4-9803-4E29AF8DD41B}.Release|Any CPU.ActiveCfg = Release|Any CPU
		{490280F3-80D1-46A4-9803-4E29AF8DD41B}.Release|Any CPU.Build.0 = Release|Any CPU
		{1AD158D9-81DE-404C-BFD7-479C7FF3BAB5}.Debug|Any CPU.ActiveCfg = Debug|Any CPU
		{1AD158D9-81DE-404C-BFD7-479C7FF3BAB5}.Debug|Any CPU.Build.0 = Debug|Any CPU
		{1AD158D9-81DE-404C-BFD7-479C7FF3BAB5}.Release|Any CPU.ActiveCfg = Release|Any CPU
		{1AD158D9-81DE-404C-BFD7-479C7FF3BAB5}.Release|Any CPU.Build.0 = Release|Any CPU
		{0224ED20-75AB-4436-AA02-1FD78E43EBA7}.Debug|Any CPU.ActiveCfg = Debug|Any CPU
		{0224ED20-75AB-4436-AA02-1FD78E43EBA7}.Debug|Any CPU.Build.0 = Debug|Any CPU
		{0224ED20-75AB-4436-AA02-1FD78E43EBA7}.Release|Any CPU.ActiveCfg = Release|Any CPU
		{0224ED20-75AB-4436-AA02-1FD78E43EBA7}.Release|Any CPU.Build.0 = Release|Any CPU
		{A7B236FF-CB0F-479E-9161-228BB43527A6}.Debug|Any CPU.ActiveCfg = Debug|Any CPU
		{A7B236FF-CB0F-479E-9161-228BB43527A6}.Debug|Any CPU.Build.0 = Debug|Any CPU
		{A7B236FF-CB0F-479E-9161-228BB43527A6}.Release|Any CPU.ActiveCfg = Release|Any CPU
		{A7B236FF-CB0F-479E-9161-228BB43527A6}.Release|Any CPU.Build.0 = Release|Any CPU
		{F8A78846-18AD-4E1C-BA03-1D37C99BAAE9}.Debug|Any CPU.ActiveCfg = Debug|Any CPU
		{F8A78846-18AD-4E1C-BA03-1D37C99BAAE9}.Debug|Any CPU.Build.0 = Debug|Any CPU
		{F8A78846-18AD-4E1C-BA03-1D37C99BAAE9}.Release|Any CPU.ActiveCfg = Release|Any CPU
		{F8A78846-18AD-4E1C-BA03-1D37C99BAAE9}.Release|Any CPU.Build.0 = Release|Any CPU
		{31B792E6-EE2D-4FF9-80EA-1A37FA00F4A7}.Debug|Any CPU.ActiveCfg = Debug|Any CPU
		{31B792E6-EE2D-4FF9-80EA-1A37FA00F4A7}.Debug|Any CPU.Build.0 = Debug|Any CPU
		{31B792E6-EE2D-4FF9-80EA-1A37FA00F4A7}.Release|Any CPU.ActiveCfg = Release|Any CPU
		{31B792E6-EE2D-4FF9-80EA-1A37FA00F4A7}.Release|Any CPU.Build.0 = Release|Any CPU
	EndGlobalSection
	GlobalSection(SolutionProperties) = preSolution
		HideSolutionNode = FALSE
	EndGlobalSection
	GlobalSection(NestedProjects) = preSolution
		{5AA9E94C-C03F-4C85-9403-34B406674AAC} = {02EA681E-C7D8-13C7-8484-4AC65E1B71E8}
		{36D7FA99-295B-4529-9CA6-B97E84E2A85B} = {02EA681E-C7D8-13C7-8484-4AC65E1B71E8}
		{8DE5921D-4706-4394-B81F-DEBE4D0A3C0F} = {02EA681E-C7D8-13C7-8484-4AC65E1B71E8}
		{B5D89A74-14CD-46E7-8DAE-6940F46F985B} = {4D64937B-66C0-41C1-8075-AFA0E0F81A05}
		{C452FDF8-B125-420A-AD7F-AA870E73FF14} = {4D64937B-66C0-41C1-8075-AFA0E0F81A05}
		{190A8567-A27A-4895-A2B9-BF02BD86D8EF} = {4D64937B-66C0-41C1-8075-AFA0E0F81A05}
		{5C119563-A22B-406F-8691-07C0B4430116} = {77EC7BA5-8724-409D-AA23-BC3E3E0E8D0A}
		{483B2425-2152-43FF-987A-B890B896424E} = {77EC7BA5-8724-409D-AA23-BC3E3E0E8D0A}
		{601516E3-BCED-475B-9AD4-FB6CA26537DF} = {77EC7BA5-8724-409D-AA23-BC3E3E0E8D0A}
		{490280F3-80D1-46A4-9803-4E29AF8DD41B} = {B4FBD216-D89B-49C3-B26A-BF3460B817B1}
		{1AD158D9-81DE-404C-BFD7-479C7FF3BAB5} = {B4FBD216-D89B-49C3-B26A-BF3460B817B1}
		{0224ED20-75AB-4436-AA02-1FD78E43EBA7} = {B4FBD216-D89B-49C3-B26A-BF3460B817B1}
		{A7B236FF-CB0F-479E-9161-228BB43527A6} = {F2EBD246-EA0E-447F-9F27-0D0A2B501A48}
		{F8A78846-18AD-4E1C-BA03-1D37C99BAAE9} = {F2EBD246-EA0E-447F-9F27-0D0A2B501A48}
		{31B792E6-EE2D-4FF9-80EA-1A37FA00F4A7} = {F2EBD246-EA0E-447F-9F27-0D0A2B501A48}
	EndGlobalSection
	GlobalSection(ExtensibilityGlobals) = postSolution
		SolutionGuid = {D3EF2855-7280-4041-A831-141CC3E62BE4}
	EndGlobalSection
EndGlobal
